
Microsoft Visual Studio Solution File, Format Version 12.00
# Visual Studio Version 17
VisualStudioVersion = 17.2.32616.157
MinimumVisualStudioVersion = 10.0.40219.1
Project("{FAE04EC0-301F-11D3-BF4B-00C04F79EFBC}") = "BecquerelMonitor", "BecquerelMonitor\BecquerelMonitor.csproj", "{D463F11B-8ED5-4730-9259-44EA9D6A3C66}"
EndProject
Global
	GlobalSection(SolutionConfigurationPlatforms) = preSolution
		Debug|Any CPU = Debug|Any CPU
		Release|Any CPU = Release|Any CPU
	EndGlobalSection
	GlobalSection(ProjectConfigurationPlatforms) = postSolution
		{D463F11B-8ED5-4730-9259-44EA9D6A3C66}.Debug|Any CPU.ActiveCfg = Debug|Any CPU
		{D463F11B-8ED5-4730-9259-44EA9D6A3C66}.Debug|Any CPU.Build.0 = Debug|Any CPU
		{D463F11B-8ED5-4730-9259-44EA9D6A3C66}.Release|Any CPU.ActiveCfg = Release|Any CPU
		{D463F11B-8ED5-4730-9259-44EA9D6A3C66}.Release|Any CPU.Build.0 = Release|Any CPU
	EndGlobalSection
	GlobalSection(SolutionProperties) = preSolution
		HideSolutionNode = FALSE
	EndGlobalSection
	GlobalSection(ExtensibilityGlobals) = postSolution
		SolutionGuid = {418E15A9-D9D1-4B0B-AE77-B2CF7580ADA1}
	EndGlobalSection
EndGlobal
